
Microsoft Visual Studio Solution File, Format Version 12.00
# Visual Studio Version 16
VisualStudioVersion = 16.0.30204.135
MinimumVisualStudioVersion = 10.0.40219.1
Project("{9A19103F-16F7-4668-BE54-9A1E7A4F7556}") = "Lara", "src\Lara\Lara.csproj", "{CF019F6C-960A-4024-BB38-B206BC0F89BA}"
EndProject
Project("{2150E333-8FDC-42A3-9474-1A3956D46DE8}") = "teste", "teste", "{8311DD5F-7765-4DE1-90D0-A740863B713F}"
EndProject
Project("{2150E333-8FDC-42A3-9474-1A3956D46DE8}") = "src", "src", "{206C5B98-1A58-4E10-9C3C-514FAB4826D1}"
EndProject
Global
	GlobalSection(SolutionConfigurationPlatforms) = preSolution
		Debug|Any CPU = Debug|Any CPU
		Debug|ARM = Debug|ARM
		Debug|ARM64 = Debug|ARM64
		Debug|x64 = Debug|x64
		Debug|x86 = Debug|x86
		Release|Any CPU = Release|Any CPU
		Release|ARM = Release|ARM
		Release|ARM64 = Release|ARM64
		Release|x64 = Release|x64
		Release|x86 = Release|x86
	EndGlobalSection
	GlobalSection(ProjectConfigurationPlatforms) = postSolution
		{CF019F6C-960A-4024-BB38-B206BC0F89BA}.Debug|Any CPU.ActiveCfg = Debug|Any CPU
		{CF019F6C-960A-4024-BB38-B206BC0F89BA}.Debug|Any CPU.Build.0 = Debug|Any CPU
		{CF019F6C-960A-4024-BB38-B206BC0F89BA}.Debug|ARM.ActiveCfg = Debug|Any CPU
		{CF019F6C-960A-4024-BB38-B206BC0F89BA}.Debug|ARM.Build.0 = Debug|Any CPU
		{CF019F6C-960A-4024-BB38-B206BC0F89BA}.Debug|ARM64.ActiveCfg = Debug|Any CPU
		{CF019F6C-960A-4024-BB38-B206BC0F89BA}.Debug|ARM64.Build.0 = Debug|Any CPU
		{CF019F6C-960A-4024-BB38-B206BC0F89BA}.Debug|x64.ActiveCfg = Debug|Any CPU
		{CF019F6C-960A-4024-BB38-B206BC0F89BA}.Debug|x64.Build.0 = Debug|Any CPU
		{CF019F6C-960A-4024-BB38-B206BC0F89BA}.Debug|x86.ActiveCfg = Debug|Any CPU
		{CF019F6C-960A-4024-BB38-B206BC0F89BA}.Debug|x86.Build.0 = Debug|Any CPU
		{CF019F6C-960A-4024-BB38-B206BC0F89BA}.Release|Any CPU.ActiveCfg = Release|Any CPU
		{CF019F6C-960A-4024-BB38-B206BC0F89BA}.Release|Any CPU.Build.0 = Release|Any CPU
		{CF019F6C-960A-4024-BB38-B206BC0F89BA}.Release|ARM.ActiveCfg = Release|Any CPU
		{CF019F6C-960A-4024-BB38-B206BC0F89BA}.Release|ARM.Build.0 = Release|Any CPU
		{CF019F6C-960A-4024-BB38-B206BC0F89BA}.Release|ARM64.ActiveCfg = Release|Any CPU
		{CF019F6C-960A-4024-BB38-B206BC0F89BA}.Release|ARM64.Build.0 = Release|Any CPU
		{CF019F6C-960A-4024-BB38-B206BC0F89BA}.Release|x64.ActiveCfg = Release|Any CPU
		{CF019F6C-960A-4024-BB38-B206BC0F89BA}.Release|x64.Build.0 = Release|Any CPU
		{CF019F6C-960A-4024-BB38-B206BC0F89BA}.Release|x86.ActiveCfg = Release|Any CPU
		{CF019F6C-960A-4024-BB38-B206BC0F89BA}.Release|x86.Build.0 = Release|Any CPU
	EndGlobalSection
	GlobalSection(SolutionProperties) = preSolution
		HideSolutionNode = FALSE
	EndGlobalSection
	GlobalSection(NestedProjects) = preSolution
		{CF019F6C-960A-4024-BB38-B206BC0F89BA} = {206C5B98-1A58-4E10-9C3C-514FAB4826D1}
	EndGlobalSection
	GlobalSection(ExtensibilityGlobals) = postSolution
		SolutionGuid = {8CC81D14-3EFB-4AF5-8211-3166F5063279}
	EndGlobalSection
EndGlobal
